<?xml version="1.0" encoding="utf-8"?>
<Project ToolsVersion="4.0" xmlns="http://schemas.microsoft.com/developer/msbuild/2003">
  <ItemGroup>
    <Filter Include="Source Files">
      <UniqueIdentifier>{4FC737F1-C7A5-4376-A066-2A32D752A2FF}</UniqueIdentifier>
      <Extensions>cpp;c;cc;cxx;def;odl;idl;hpj;bat;asm;asmx</Extensions>
    </Filter>
    <Filter Include="Header Files">
      <UniqueIdentifier>{93995380-89BD-4b04-88EB-625FBE52EBFB}</UniqueIdentifier>
      <Extensions>h;hh;hpp;hxx;hm;inl;inc;xsd</Extensions>
    </Filter>
    <Filter Include="Resource Files">
      <UniqueIdentifier>{67DA6AB6-F800-4c08-8B7A-83BB121AAD01}</UniqueIdentifier>
      <Extensions>rc;ico;cur;bmp;dlg;rc2;rct;bin;rgs;gif;jpg;jpeg;jpe;resx;tiff;tif;png;wav;mfcribbon-ms</Extensions>
    </Filter>
    <Filter Include="File System">
      <UniqueIdentifier>{00d25247-6a62-4b10-86da-c0803414e55e}</UniqueIdentifier>
    </Filter>
    <Filter Include="Shell">
      <UniqueIdentifier>{7f68fdb7-95af-4a70-81f8-fd5776e68751}</UniqueIdentifier>
    </Filter>
    <Filter Include="Utils">
      <UniqueIdentifier>{123f7179-ef68-4293-8564-c471a72cfc43}</UniqueIdentifier>
    </Filter>
    <Filter Include="Commands">
      <UniqueIdentifier>{27f51464-bbe9-4043-8f05-c5905b172578}</UniqueIdentifier>
    </Filter>
  </ItemGroup>
  <ItemGroup>
    <ClCompile Include="main.cpp">
      <Filter>Source Files</Filter>
    </ClCompile>
    <ClCompile Include="File.cpp">
      <Filter>File System</Filter>
    </ClCompile>
    <ClCompile Include="Shell.cpp">
      <Filter>Shell</Filter>
    </ClCompile>
    <ClCompile Include="FileSystem.cpp">
      <Filter>File System</Filter>
    </ClCompile>
    <ClCompile Include="StringTokenizer.cpp">
      <Filter>Utils</Filter>
    </ClCompile>
    <ClCompile Include="TokenIterator.cpp">
      <Filter>Utils</Filter>
    </ClCompile>
    <ClCompile Include="Commands.cpp">
      <Filter>Commands</Filter>
    </ClCompile>
    <ClCompile Include="ICommand.cpp">
      <Filter>Commands</Filter>
    </ClCompile>
    <ClCompile Include="Error_strings.cpp">
      <Filter>Commands</Filter>
    </ClCompile>
  </ItemGroup>
  <ItemGroup>
    <ClInclude Include="File.h">
      <Filter>File System</Filter>
    </ClInclude>
    <ClInclude Include="FileIterator.h">
      <Filter>File System</Filter>
    </ClInclude>
    <ClInclude Include="Shell.h">
      <Filter>Shell</Filter>
    </ClInclude>
    <ClInclude Include="FileSystem.h">
      <Filter>File System</Filter>
    </ClInclude>
    <ClInclude Include="StringTokenizer.h">
      <Filter>Utils</Filter>
    </ClInclude>
    <ClInclude Include="TokenIterator.h">
      <Filter>Utils</Filter>
    </ClInclude>
    <ClInclude Include="Commands.h">
      <Filter>Commands</Filter>
    </ClInclude>
    <ClInclude Include="ICommand.h">
      <Filter>Commands</Filter>
    </ClInclude>
  </ItemGroup>
</Project>